PODS:
  - Flutter (1.0.0)
  - permission_handler (3.2.2):
    - Flutter
  - yandex_mapkit (0.0.1):
    - Flutter
    - YandexMapKit (= 3.4.0)
    - YandexRuntime (= 3.4.0)
  - YandexMapKit (3.4):
    - YandexRuntime (= 3.4)
  - YandexRuntime (3.4)

DEPENDENCIES:
  - Flutter (from `.symlinks/flutter/ios`)
  - permission_handler (from `.symlinks/plugins/permission_handler/ios`)
  - yandex_mapkit (from `.symlinks/plugins/yandex_mapkit/ios`)

SPEC REPOS:
  https://github.com/cocoapods/specs.git:
    - YandexMapKit
    - YandexRuntime

EXTERNAL SOURCES:
  Flutter:
    :path: ".symlinks/flutter/ios"
  permission_handler:
    :path: ".symlinks/plugins/permission_handler/ios"
  yandex_mapkit:
    :path: ".symlinks/plugins/yandex_mapkit/ios"

SPEC CHECKSUMS:
  Flutter: 58dd7d1b27887414a370fcccb9e645c08ffd7a6a
  permission_handler: d59f41439f5bc6c4d1005f3355e98f05ddc68ece
  yandex_mapkit: 8c42a5db8e175e38ebbf1babe071aa7949efc64f
  YandexMapKit: f222923561fe159dd8480d927f61950fc5ff3b8d
  YandexRuntime: 2547d72a3ce4757f16ad188cfbe8a124ae13d806

PODFILE CHECKSUM: e94cb8ccd5420ded8bd2601a44d8af8d412dd12b

COCOAPODS: 1.7.5
